{
  "originHash" : "9a6c081559537a4b02d26e5ae077c067b8a1af54e7f7f03139f187d5a9009a9b",
  "pins" : [
    {
      "identity" : "reerkit",
      "kind" : "remoteSourceControl",
      "location" : "https://github.com/reers/ReerKit.git",
      "state" : {
        "revision" : "02b2dfef6e165ec5c98a669b8cb3bbdccd32977c",
        "version" : "1.1.7"
      }
    }
  ],
  "version" : 3
}
